
Microsoft Visual Studio Solution File, Format Version 12.00
# Visual Studio Version 18
VisualStudioVersion = 18.6.11806.211 stable
MinimumVisualStudioVersion = 10.0.40219.1
Project("{FAE04EC0-301F-11D3-BF4B-00C04F79EFBC}") = "LibraryManagementSystem.Wpf", "LibraryManagementSystem.Wpf.csproj", "{C566A039-A68F-6F6E-619C-C340556154A6}"
EndProject
Global
	GlobalSection(SolutionConfigurationPlatforms) = preSolution
		Debug|Any CPU = Debug|Any CPU
		Release|Any CPU = Release|Any CPU
	EndGlobalSection
	GlobalSection(ProjectConfigurationPlatforms) = postSolution
		{C566A039-A68F-6F6E-619C-C340556154A6}.Debug|Any CPU.ActiveCfg = Debug|Any CPU
		{C566A039-A68F-6F6E-619C-C340556154A6}.Debug|Any CPU.Build.0 = Debug|Any CPU
		{C566A039-A68F-6F6E-619C-C340556154A6}.Release|Any CPU.ActiveCfg = Release|Any CPU
		{C566A039-A68F-6F6E-619C-C340556154A6}.Release|Any CPU.Build.0 = Release|Any CPU
	EndGlobalSection
	GlobalSection(SolutionProperties) = preSolution
		HideSolutionNode = FALSE
	EndGlobalSection
	GlobalSection(ExtensibilityGlobals) = postSolution
		SolutionGuid = {BC5E9361-7084-4766-B8C5-CB8264CBEB8D}
	EndGlobalSection
EndGlobal
